
Microsoft Visual Studio Solution File, Format Version 12.00
Project("{FAE04EC0-301F-11D3-BF4B-00C04F79EFBC}") = "Turtle", "Turtle\Turtle.csproj", "{9B2317D0-6F3A-4AD8-9569-643FF6BF9F69}"
EndProject
Project("{FAE04EC0-301F-11D3-BF4B-00C04F79EFBC}") = "Demo", "Demo\Demo.csproj", "{E586881F-C14C-415C-B3E8-25CA43FF2556}"
EndProject
Global
	GlobalSection(SolutionConfigurationPlatforms) = preSolution
		Debug|Any CPU = Debug|Any CPU
		Release|Any CPU = Release|Any CPU
	EndGlobalSection
	GlobalSection(ProjectConfigurationPlatforms) = postSolution
		{9B2317D0-6F3A-4AD8-9569-643FF6BF9F69}.Debug|Any CPU.ActiveCfg = Debug|Any CPU
		{9B2317D0-6F3A-4AD8-9569-643FF6BF9F69}.Debug|Any CPU.Build.0 = Debug|Any CPU
		{9B2317D0-6F3A-4AD8-9569-643FF6BF9F69}.Release|Any CPU.ActiveCfg = Release|Any CPU
		{9B2317D0-6F3A-4AD8-9569-643FF6BF9F69}.Release|Any CPU.Build.0 = Release|Any CPU
		{E586881F-C14C-415C-B3E8-25CA43FF2556}.Debug|Any CPU.ActiveCfg = Debug|Any CPU
		{E586881F-C14C-415C-B3E8-25CA43FF2556}.Debug|Any CPU.Build.0 = Debug|Any CPU
		{E586881F-C14C-415C-B3E8-25CA43FF2556}.Release|Any CPU.ActiveCfg = Release|Any CPU
		{E586881F-C14C-415C-B3E8-25CA43FF2556}.Release|Any CPU.Build.0 = Release|Any CPU
	EndGlobalSection
EndGlobal
